
Microsoft Visual Studio Solution File, Format Version 12.00
# Visual Studio 15
VisualStudioVersion = 15.0.27130.2036
MinimumVisualStudioVersion = 10.0.40219.1
Project("{8BC9CEB8-8B4A-11D0-8D11-00A0C91BC942}") = "engine", "engine\engine.vcxproj", "{AAC5E2D9-42A4-4501-8894-25668B57E106}"
	ProjectSection(ProjectDependencies) = postProject
		{7FAA047A-8F6C-48EA-ABB7-00FDE1D9B097} = {7FAA047A-8F6C-48EA-ABB7-00FDE1D9B097}
	EndProjectSection
EndProject
Project("{8BC9CEB8-8B4A-11D0-8D11-00A0C91BC942}") = "math", "math\math.vcxproj", "{7FAA047A-8F6C-48EA-ABB7-00FDE1D9B097}"
EndProject
Project("{8BC9CEB8-8B4A-11D0-8D11-00A0C91BC942}") = "test", "test\test.vcxproj", "{64D5581C-7D30-45EB-814E-D7D7C271E2A4}"
	ProjectSection(ProjectDependencies) = postProject
		{7FAA047A-8F6C-48EA-ABB7-00FDE1D9B097} = {7FAA047A-8F6C-48EA-ABB7-00FDE1D9B097}
		{02895A7A-7356-4EBB-AA01-BD80A3A83023} = {02895A7A-7356-4EBB-AA01-BD80A3A83023}
		{AAC5E2D9-42A4-4501-8894-25668B57E106} = {AAC5E2D9-42A4-4501-8894-25668B57E106}
	EndProjectSection
EndProject
Project("{8BC9CEB8-8B4A-11D0-8D11-00A0C91BC942}") = "audio", "audio\audio.vcxproj", "{02895A7A-7356-4EBB-AA01-BD80A3A83023}"
EndProject
Project("{8BC9CEB8-8B4A-11D0-8D11-00A0C91BC942}") = "TestApp", "TestApp\TestApp.vcxproj", "{7D94FD39-D18B-42F5-B8EC-11625143EFF7}"
	ProjectSection(ProjectDependencies) = postProject
		{7FAA047A-8F6C-48EA-ABB7-00FDE1D9B097} = {7FAA047A-8F6C-48EA-ABB7-00FDE1D9B097}
		{02895A7A-7356-4EBB-AA01-BD80A3A83023} = {02895A7A-7356-4EBB-AA01-BD80A3A83023}
		{AAC5E2D9-42A4-4501-8894-25668B57E106} = {AAC5E2D9-42A4-4501-8894-25668B57E106}
	EndProjectSection
EndProject
Global
	GlobalSection(SolutionConfigurationPlatforms) = preSolution
		Debug|ARM = Debug|ARM
		Debug|x64 = Debug|x64
		Debug|x86 = Debug|x86
		Release|ARM = Release|ARM
		Release|x64 = Release|x64
		Release|x86 = Release|x86
	EndGlobalSection
	GlobalSection(ProjectConfigurationPlatforms) = postSolution
		{AAC5E2D9-42A4-4501-8894-25668B57E106}.Debug|ARM.ActiveCfg = Debug|Win32
		{AAC5E2D9-42A4-4501-8894-25668B57E106}.Debug|x64.ActiveCfg = Debug|x64
		{AAC5E2D9-42A4-4501-8894-25668B57E106}.Debug|x64.Build.0 = Debug|x64
		{AAC5E2D9-42A4-4501-8894-25668B57E106}.Debug|x86.ActiveCfg = Debug|Win32
		{AAC5E2D9-42A4-4501-8894-25668B57E106}.Debug|x86.Build.0 = Debug|Win32
		{AAC5E2D9-42A4-4501-8894-25668B57E106}.Release|ARM.ActiveCfg = Release|Win32
		{AAC5E2D9-42A4-4501-8894-25668B57E106}.Release|x64.ActiveCfg = Release|x64
		{AAC5E2D9-42A4-4501-8894-25668B57E106}.Release|x64.Build.0 = Release|x64
		{AAC5E2D9-42A4-4501-8894-25668B57E106}.Release|x86.ActiveCfg = Release|Win32
		{AAC5E2D9-42A4-4501-8894-25668B57E106}.Release|x86.Build.0 = Release|Win32
		{7FAA047A-8F6C-48EA-ABB7-00FDE1D9B097}.Debug|ARM.ActiveCfg = Debug|Win32
		{7FAA047A-8F6C-48EA-ABB7-00FDE1D9B097}.Debug|x64.ActiveCfg = Debug|x64
		{7FAA047A-8F6C-48EA-ABB7-00FDE1D9B097}.Debug|x64.Build.0 = Debug|x64
		{7FAA047A-8F6C-48EA-ABB7-00FDE1D9B097}.Debug|x86.ActiveCfg = Debug|Win32
		{7FAA047A-8F6C-48EA-ABB7-00FDE1D9B097}.Debug|x86.Build.0 = Debug|Win32
		{7FAA047A-8F6C-48EA-ABB7-00FDE1D9B097}.Release|ARM.ActiveCfg = Release|Win32
		{7FAA047A-8F6C-48EA-ABB7-00FDE1D9B097}.Release|x64.ActiveCfg = Release|x64
		{7FAA047A-8F6C-48EA-ABB7-00FDE1D9B097}.Release|x64.Build.0 = Release|x64
		{7FAA047A-8F6C-48EA-ABB7-00FDE1D9B097}.Release|x86.ActiveCfg = Release|Win32
		{7FAA047A-8F6C-48EA-ABB7-00FDE1D9B097}.Release|x86.Build.0 = Release|Win32
		{64D5581C-7D30-45EB-814E-D7D7C271E2A4}.Debug|ARM.ActiveCfg = Debug|Win32
		{64D5581C-7D30-45EB-814E-D7D7C271E2A4}.Debug|x64.ActiveCfg = Debug|x64
		{64D5581C-7D30-45EB-814E-D7D7C271E2A4}.Debug|x64.Build.0 = Debug|x64
		{64D5581C-7D30-45EB-814E-D7D7C271E2A4}.Debug|x86.ActiveCfg = Debug|Win32
		{64D5581C-7D30-45EB-814E-D7D7C271E2A4}.Debug|x86.Build.0 = Debug|Win32
		{64D5581C-7D30-45EB-814E-D7D7C271E2A4}.Release|ARM.ActiveCfg = Release|Win32
		{64D5581C-7D30-45EB-814E-D7D7C271E2A4}.Release|x64.ActiveCfg = Release|x64
		{64D5581C-7D30-45EB-814E-D7D7C271E2A4}.Release|x64.Build.0 = Release|x64
		{64D5581C-7D30-45EB-814E-D7D7C271E2A4}.Release|x86.ActiveCfg = Release|Win32
		{64D5581C-7D30-45EB-814E-D7D7C271E2A4}.Release|x86.Build.0 = Release|Win32
		{02895A7A-7356-4EBB-AA01-BD80A3A83023}.Debug|ARM.ActiveCfg = Debug|Win32
		{02895A7A-7356-4EBB-AA01-BD80A3A83023}.Debug|x64.ActiveCfg = Debug|x64
		{02895A7A-7356-4EBB-AA01-BD80A3A83023}.Debug|x64.Build.0 = Debug|x64
		{02895A7A-7356-4EBB-AA01-BD80A3A83023}.Debug|x86.ActiveCfg = Debug|Win32
		{02895A7A-7356-4EBB-AA01-BD80A3A83023}.Debug|x86.Build.0 = Debug|Win32
		{02895A7A-7356-4EBB-AA01-BD80A3A83023}.Release|ARM.ActiveCfg = Release|Win32
		{02895A7A-7356-4EBB-AA01-BD80A3A83023}.Release|x64.ActiveCfg = Release|x64
		{02895A7A-7356-4EBB-AA01-BD80A3A83023}.Release|x64.Build.0 = Release|x64
		{02895A7A-7356-4EBB-AA01-BD80A3A83023}.Release|x86.ActiveCfg = Release|Win32
		{02895A7A-7356-4EBB-AA01-BD80A3A83023}.Release|x86.Build.0 = Release|Win32
		{7D94FD39-D18B-42F5-B8EC-11625143EFF7}.Debug|ARM.ActiveCfg = Debug|ARM
		{7D94FD39-D18B-42F5-B8EC-11625143EFF7}.Debug|ARM.Build.0 = Debug|ARM
		{7D94FD39-D18B-42F5-B8EC-11625143EFF7}.Debug|ARM.Deploy.0 = Debug|ARM
		{7D94FD39-D18B-42F5-B8EC-11625143EFF7}.Debug|x64.ActiveCfg = Debug|x64
		{7D94FD39-D18B-42F5-B8EC-11625143EFF7}.Debug|x64.Build.0 = Debug|x64
		{7D94FD39-D18B-42F5-B8EC-11625143EFF7}.Debug|x64.Deploy.0 = Debug|x64
		{7D94FD39-D18B-42F5-B8EC-11625143EFF7}.Debug|x86.ActiveCfg = Debug|Win32
		{7D94FD39-D18B-42F5-B8EC-11625143EFF7}.Debug|x86.Build.0 = Debug|Win32
		{7D94FD39-D18B-42F5-B8EC-11625143EFF7}.Debug|x86.Deploy.0 = Debug|Win32
		{7D94FD39-D18B-42F5-B8EC-11625143EFF7}.Release|ARM.ActiveCfg = Release|ARM
		{7D94FD39-D18B-42F5-B8EC-11625143EFF7}.Release|ARM.Build.0 = Release|ARM
		{7D94FD39-D18B-42F5-B8EC-11625143EFF7}.Release|ARM.Deploy.0 = Release|ARM
		{7D94FD39-D18B-42F5-B8EC-11625143EFF7}.Release|x64.ActiveCfg = Release|x64
		{7D94FD39-D18B-42F5-B8EC-11625143EFF7}.Release|x64.Build.0 = Release|x64
		{7D94FD39-D18B-42F5-B8EC-11625143EFF7}.Release|x64.Deploy.0 = Release|x64
		{7D94FD39-D18B-42F5-B8EC-11625143EFF7}.Release|x86.ActiveCfg = Release|Win32
		{7D94FD39-D18B-42F5-B8EC-11625143EFF7}.Release|x86.Build.0 = Release|Win32
		{7D94FD39-D18B-42F5-B8EC-11625143EFF7}.Release|x86.Deploy.0 = Release|Win32
	EndGlobalSection
	GlobalSection(SolutionProperties) = preSolution
		HideSolutionNode = FALSE
	EndGlobalSection
	GlobalSection(ExtensibilityGlobals) = postSolution
		SolutionGuid = {43A70E21-2E57-4AC4-B677-14BBA803B193}
	EndGlobalSection
EndGlobal
