<?xml version="1.0" encoding="utf-8"?>
<Project ToolsVersion="4.0" xmlns="http://schemas.microsoft.com/developer/msbuild/2003">
  <ItemGroup>
    <ClCompile Include="Win32Window.cpp">
      <Filter>win32</Filter>
    </ClCompile>
    <ClCompile Include="Window.cpp">
      <Filter>graphics</Filter>
    </ClCompile>
    <ClCompile Include="GLShader.cpp">
      <Filter>opengl</Filter>
    </ClCompile>
    <ClCompile Include="GLShaderProgram.cpp">
      <Filter>opengl</Filter>
    </ClCompile>
    <ClCompile Include="GLVertexBufferObject.cpp">
      <Filter>opengl</Filter>
    </ClCompile>
    <ClCompile Include="GL.cpp">
      <Filter>opengl</Filter>
    </ClCompile>
    <ClCompile Include="Timer.cpp">
      <Filter>time</Filter>
    </ClCompile>
    <ClCompile Include="GLTexture.cpp">
      <Filter>opengl</Filter>
    </ClCompile>
    <ClCompile Include="Image.cpp">
      <Filter>graphics</Filter>
    </ClCompile>
  </ItemGroup>
  <ItemGroup>
    <ClInclude Include="Win32Window.h">
      <Filter>win32</Filter>
    </ClInclude>
    <ClInclude Include="Window.h">
      <Filter>graphics</Filter>
    </ClInclude>
    <ClInclude Include="GLShader.h">
      <Filter>opengl</Filter>
    </ClInclude>
    <ClInclude Include="GLShaderProgram.h">
      <Filter>opengl</Filter>
    </ClInclude>
    <ClInclude Include="GLVertexBufferObject.h">
      <Filter>opengl</Filter>
    </ClInclude>
    <ClInclude Include="GL.h">
      <Filter>opengl</Filter>
    </ClInclude>
    <ClInclude Include="Timer.h">
      <Filter>time</Filter>
    </ClInclude>
    <ClInclude Include="GLTexture.h">
      <Filter>opengl</Filter>
    </ClInclude>
    <ClInclude Include="Image.h">
      <Filter>graphics</Filter>
    </ClInclude>
    <ClInclude Include="Graphics2D.h">
      <Filter>graphics\api</Filter>
    </ClInclude>
    <ClInclude Include="Paint.h">
      <Filter>graphics\api</Filter>
    </ClInclude>
    <ClInclude Include="DrawableRectangle.h">
      <Filter>graphics\api</Filter>
    </ClInclude>
  </ItemGroup>
  <ItemGroup>
    <Filter Include="win32">
      <UniqueIdentifier>{d81ea166-1fb2-4d75-946c-f9cfa3bd03f5}</UniqueIdentifier>
    </Filter>
    <Filter Include="graphics">
      <UniqueIdentifier>{24fe63c0-ec43-40c3-8f3f-31226d96be6c}</UniqueIdentifier>
    </Filter>
    <Filter Include="opengl">
      <UniqueIdentifier>{72311f19-f275-454e-9673-a8770656e38e}</UniqueIdentifier>
    </Filter>
    <Filter Include="time">
      <UniqueIdentifier>{7a0f78d0-cd36-4067-94a2-4f2abb83cefe}</UniqueIdentifier>
    </Filter>
    <Filter Include="graphics\api">
      <UniqueIdentifier>{cba15beb-5aa7-42ba-a4fe-44bd16c506c2}</UniqueIdentifier>
    </Filter>
  </ItemGroup>
</Project>