<?xml version="1.0" encoding="utf-8"?>
<Project ToolsVersion="4.0" xmlns="http://schemas.microsoft.com/developer/msbuild/2003">
  <ItemGroup>
    <ClCompile Include="main.cpp" />
    <ClCompile Include="Win32Window.cpp">
      <Filter>win32</Filter>
    </ClCompile>
    <ClCompile Include="Window.cpp">
      <Filter>graphics</Filter>
    </ClCompile>
    <ClCompile Include="Shader.cpp">
      <Filter>graphics</Filter>
    </ClCompile>
    <ClCompile Include="ShaderProgram.cpp" />
    <ClCompile Include="GL.cpp" />
  </ItemGroup>
  <ItemGroup>
    <ClInclude Include="Win32Window.h">
      <Filter>win32</Filter>
    </ClInclude>
    <ClInclude Include="Window.h">
      <Filter>graphics</Filter>
    </ClInclude>
    <ClInclude Include="GL.h">
      <Filter>graphics</Filter>
    </ClInclude>
    <ClInclude Include="Shader.h">
      <Filter>graphics</Filter>
    </ClInclude>
    <ClInclude Include="ShaderProgram.h">
      <Filter>graphics</Filter>
    </ClInclude>
  </ItemGroup>
  <ItemGroup>
    <Filter Include="win32">
      <UniqueIdentifier>{d81ea166-1fb2-4d75-946c-f9cfa3bd03f5}</UniqueIdentifier>
    </Filter>
    <Filter Include="graphics">
      <UniqueIdentifier>{24fe63c0-ec43-40c3-8f3f-31226d96be6c}</UniqueIdentifier>
    </Filter>
  </ItemGroup>
</Project>